{
  "name": "mattschlosser",
  "version": "1.0.0",
  "lockfileVersion": 1,
  "requires": true,
  "dependencies": {
    "oslo-events": {
      "version": "1.0.8",
      "resolved": "https://registry.npmjs.org/oslo-events/-/oslo-events-1.0.8.tgz",
      "integrity": "sha512-kHfMh1W3jesNea/m3hDdJXZNRjJTFDU2yHfhjOgi+U0d8eT4T9Tk+Fxjm8gJgaC5WJqDzuZ5exfCtXtuc0DHWg=="
    }
  }
}
